
Microsoft Visual Studio Solution File, Format Version 12.00
# Visual Studio Version 17
VisualStudioVersion = 17.4.33205.214
MinimumVisualStudioVersion = 10.0.40219.1
Project("{FAE04EC0-301F-11D3-BF4B-00C04F79EFBC}") = "DesafioMicrofundamento.app", "DesafioMicrofundamento.app\DesafioMicrofundamento.app.csproj", "{C724BCD5-ED43-47C7-A185-A56AC8184821}"
EndProject
Global
	GlobalSection(SolutionConfigurationPlatforms) = preSolution
		Debug|Any CPU = Debug|Any CPU
		Release|Any CPU = Release|Any CPU
	EndGlobalSection
	GlobalSection(ProjectConfigurationPlatforms) = postSolution
		{C724BCD5-ED43-47C7-A185-A56AC8184821}.Debug|Any CPU.ActiveCfg = Debug|Any CPU
		{C724BCD5-ED43-47C7-A185-A56AC8184821}.Debug|Any CPU.Build.0 = Debug|Any CPU
		{C724BCD5-ED43-47C7-A185-A56AC8184821}.Release|Any CPU.ActiveCfg = Release|Any CPU
		{C724BCD5-ED43-47C7-A185-A56AC8184821}.Release|Any CPU.Build.0 = Release|Any CPU
	EndGlobalSection
	GlobalSection(SolutionProperties) = preSolution
		HideSolutionNode = FALSE
	EndGlobalSection
	GlobalSection(ExtensibilityGlobals) = postSolution
		SolutionGuid = {C4150C7F-0B1C-4923-9B6E-098B2367BDAB}
	EndGlobalSection
EndGlobal
