
Microsoft Visual Studio Solution File, Format Version 12.00
# Visual Studio Version 17
VisualStudioVersion = 17.4.33205.214
MinimumVisualStudioVersion = 10.0.40219.1
Project("{FAE04EC0-301F-11D3-BF4B-00C04F79EFBC}") = "DesafioMicrofundamentoMatrizes.App", "DesafioMicrofundamentoMatrizes.App\DesafioMicrofundamentoMatrizes.App.csproj", "{E56B5D99-527D-4622-B500-5527ABA70932}"
EndProject
Global
	GlobalSection(SolutionConfigurationPlatforms) = preSolution
		Debug|Any CPU = Debug|Any CPU
		Release|Any CPU = Release|Any CPU
	EndGlobalSection
	GlobalSection(ProjectConfigurationPlatforms) = postSolution
		{E56B5D99-527D-4622-B500-5527ABA70932}.Debug|Any CPU.ActiveCfg = Debug|Any CPU
		{E56B5D99-527D-4622-B500-5527ABA70932}.Debug|Any CPU.Build.0 = Debug|Any CPU
		{E56B5D99-527D-4622-B500-5527ABA70932}.Release|Any CPU.ActiveCfg = Release|Any CPU
		{E56B5D99-527D-4622-B500-5527ABA70932}.Release|Any CPU.Build.0 = Release|Any CPU
	EndGlobalSection
	GlobalSection(SolutionProperties) = preSolution
		HideSolutionNode = FALSE
	EndGlobalSection
	GlobalSection(ExtensibilityGlobals) = postSolution
		SolutionGuid = {ADDC996E-235D-4E09-88BE-749C75BF5F9F}
	EndGlobalSection
EndGlobal
