
Microsoft Visual Studio Solution File, Format Version 12.00
# Visual Studio Version 17
VisualStudioVersion = 17.4.33205.214
MinimumVisualStudioVersion = 10.0.40219.1
Project("{FAE04EC0-301F-11D3-BF4B-00C04F79EFBC}") = "DesafioMicroClassMetProp.App", "DesafioMicroClassMetProp.App\DesafioMicroClassMetProp.App.csproj", "{0EFBF289-57F0-44B6-A965-0AC9EE90D757}"
EndProject
Global
	GlobalSection(SolutionConfigurationPlatforms) = preSolution
		Debug|Any CPU = Debug|Any CPU
		Release|Any CPU = Release|Any CPU
	EndGlobalSection
	GlobalSection(ProjectConfigurationPlatforms) = postSolution
		{0EFBF289-57F0-44B6-A965-0AC9EE90D757}.Debug|Any CPU.ActiveCfg = Debug|Any CPU
		{0EFBF289-57F0-44B6-A965-0AC9EE90D757}.Debug|Any CPU.Build.0 = Debug|Any CPU
		{0EFBF289-57F0-44B6-A965-0AC9EE90D757}.Release|Any CPU.ActiveCfg = Release|Any CPU
		{0EFBF289-57F0-44B6-A965-0AC9EE90D757}.Release|Any CPU.Build.0 = Release|Any CPU
	EndGlobalSection
	GlobalSection(SolutionProperties) = preSolution
		HideSolutionNode = FALSE
	EndGlobalSection
	GlobalSection(ExtensibilityGlobals) = postSolution
		SolutionGuid = {89D073E3-F9D0-4974-B0F4-937B6E7B269E}
	EndGlobalSection
EndGlobal
